
Microsoft Visual Studio Solution File, Format Version 12.00
# Visual Studio Version 17
VisualStudioVersion = 17.3.32825.248
MinimumVisualStudioVersion = 10.0.40219.1
Project("{FAE04EC0-301F-11D3-BF4B-00C04F79EFBC}") = "Inventory.Web", "Inventory.Web\Inventory.Web.csproj", "{4F31B4DD-2E36-4684-A45D-C8CDB26BC72E}"
EndProject
Project("{FAE04EC0-301F-11D3-BF4B-00C04F79EFBC}") = "Inventory.API", "Inventory.API\Inventory.API.csproj", "{EF9F6B70-ADEE-4D3A-8FBC-7C97A0711A11}"
EndProject
Project("{FAE04EC0-301F-11D3-BF4B-00C04F79EFBC}") = "Inventory.Domain", "Inventory.Domain\Inventory.Domain.csproj", "{0795F984-49C8-4700-BEA5-F39E4CD12652}"
EndProject
Project("{FAE04EC0-301F-11D3-BF4B-00C04F79EFBC}") = "Inventory.Infrastructure", "Inventory.Infrastructure\Inventory.Infrastructure.csproj", "{D1204ED4-F66E-413D-8E2A-D5ADEBFF920C}"
EndProject
Global
	GlobalSection(SolutionConfigurationPlatforms) = preSolution
		Debug|Any CPU = Debug|Any CPU
		Release|Any CPU = Release|Any CPU
	EndGlobalSection
	GlobalSection(ProjectConfigurationPlatforms) = postSolution
		{4F31B4DD-2E36-4684-A45D-C8CDB26BC72E}.Debug|Any CPU.ActiveCfg = Debug|Any CPU
		{4F31B4DD-2E36-4684-A45D-C8CDB26BC72E}.Debug|Any CPU.Build.0 = Debug|Any CPU
		{4F31B4DD-2E36-4684-A45D-C8CDB26BC72E}.Release|Any CPU.ActiveCfg = Release|Any CPU
		{4F31B4DD-2E36-4684-A45D-C8CDB26BC72E}.Release|Any CPU.Build.0 = Release|Any CPU
		{EF9F6B70-ADEE-4D3A-8FBC-7C97A0711A11}.Debug|Any CPU.ActiveCfg = Debug|Any CPU
		{EF9F6B70-ADEE-4D3A-8FBC-7C97A0711A11}.Debug|Any CPU.Build.0 = Debug|Any CPU
		{EF9F6B70-ADEE-4D3A-8FBC-7C97A0711A11}.Release|Any CPU.ActiveCfg = Release|Any CPU
		{EF9F6B70-ADEE-4D3A-8FBC-7C97A0711A11}.Release|Any CPU.Build.0 = Release|Any CPU
		{0795F984-49C8-4700-BEA5-F39E4CD12652}.Debug|Any CPU.ActiveCfg = Debug|Any CPU
		{0795F984-49C8-4700-BEA5-F39E4CD12652}.Debug|Any CPU.Build.0 = Debug|Any CPU
		{0795F984-49C8-4700-BEA5-F39E4CD12652}.Release|Any CPU.ActiveCfg = Release|Any CPU
		{0795F984-49C8-4700-BEA5-F39E4CD12652}.Release|Any CPU.Build.0 = Release|Any CPU
		{D1204ED4-F66E-413D-8E2A-D5ADEBFF920C}.Debug|Any CPU.ActiveCfg = Debug|Any CPU
		{D1204ED4-F66E-413D-8E2A-D5ADEBFF920C}.Debug|Any CPU.Build.0 = Debug|Any CPU
		{D1204ED4-F66E-413D-8E2A-D5ADEBFF920C}.Release|Any CPU.ActiveCfg = Release|Any CPU
		{D1204ED4-F66E-413D-8E2A-D5ADEBFF920C}.Release|Any CPU.Build.0 = Release|Any CPU
	EndGlobalSection
	GlobalSection(SolutionProperties) = preSolution
		HideSolutionNode = FALSE
	EndGlobalSection
	GlobalSection(ExtensibilityGlobals) = postSolution
		SolutionGuid = {725F5E90-0273-4DC1-9058-D9470E19AD18}
	EndGlobalSection
EndGlobal
